
Microsoft Visual Studio Solution File, Format Version 12.00
# Visual Studio Version 17
VisualStudioVersion = 17.5.33516.290
MinimumVisualStudioVersion = 10.0.40219.1
Project("{FAE04EC0-301F-11D3-BF4B-00C04F79EFBC}") = "WorkingWithMultipleTable_Prod", "WorkingWithMultipleTable_Prod\WorkingWithMultipleTable_Prod.csproj", "{573AD1BD-9D93-4592-A572-5702509B7AD8}"
EndProject
Global
	GlobalSection(SolutionConfigurationPlatforms) = preSolution
		Debug|Any CPU = Debug|Any CPU
		Release|Any CPU = Release|Any CPU
	EndGlobalSection
	GlobalSection(ProjectConfigurationPlatforms) = postSolution
		{573AD1BD-9D93-4592-A572-5702509B7AD8}.Debug|Any CPU.ActiveCfg = Debug|Any CPU
		{573AD1BD-9D93-4592-A572-5702509B7AD8}.Debug|Any CPU.Build.0 = Debug|Any CPU
		{573AD1BD-9D93-4592-A572-5702509B7AD8}.Release|Any CPU.ActiveCfg = Release|Any CPU
		{573AD1BD-9D93-4592-A572-5702509B7AD8}.Release|Any CPU.Build.0 = Release|Any CPU
	EndGlobalSection
	GlobalSection(SolutionProperties) = preSolution
		HideSolutionNode = FALSE
	EndGlobalSection
	GlobalSection(ExtensibilityGlobals) = postSolution
		SolutionGuid = {085A1C12-86A8-44CA-A94F-66AAF5814395}
	EndGlobalSection
EndGlobal
